
Microsoft Visual Studio Solution File, Format Version 12.00
# Visual Studio Version 17
VisualStudioVersion = 17.2.32526.322
MinimumVisualStudioVersion = 10.0.40219.1
Project("{FAE04EC0-301F-11D3-BF4B-00C04F79EFBC}") = "AutomationExercise", "AutomationExercise\AutomationExercise.csproj", "{FF87DDA8-F77A-4A74-80F2-CACAD4DDD32E}"
EndProject
Global
	GlobalSection(SolutionConfigurationPlatforms) = preSolution
		Debug|Any CPU = Debug|Any CPU
		Release|Any CPU = Release|Any CPU
	EndGlobalSection
	GlobalSection(ProjectConfigurationPlatforms) = postSolution
		{FF87DDA8-F77A-4A74-80F2-CACAD4DDD32E}.Debug|Any CPU.ActiveCfg = Debug|Any CPU
		{FF87DDA8-F77A-4A74-80F2-CACAD4DDD32E}.Debug|Any CPU.Build.0 = Debug|Any CPU
		{FF87DDA8-F77A-4A74-80F2-CACAD4DDD32E}.Release|Any CPU.ActiveCfg = Release|Any CPU
		{FF87DDA8-F77A-4A74-80F2-CACAD4DDD32E}.Release|Any CPU.Build.0 = Release|Any CPU
	EndGlobalSection
	GlobalSection(SolutionProperties) = preSolution
		HideSolutionNode = FALSE
	EndGlobalSection
	GlobalSection(ExtensibilityGlobals) = postSolution
		SolutionGuid = {3AE90930-331C-4D94-98D3-ECBAB455C71B}
	EndGlobalSection
EndGlobal
